
Microsoft Visual Studio Solution File, Format Version 12.00
# Visual Studio Version 17
VisualStudioVersion = 17.4.33213.308
MinimumVisualStudioVersion = 10.0.40219.1
Project("{FAE04EC0-301F-11D3-BF4B-00C04F79EFBC}") = "rub2-10-3", "rub2-10-3\rub2-10-3.csproj", "{F928C425-9958-41BE-8BF2-79A3E1ED2222}"
EndProject
Global
	GlobalSection(SolutionConfigurationPlatforms) = preSolution
		Debug|Any CPU = Debug|Any CPU
		Release|Any CPU = Release|Any CPU
	EndGlobalSection
	GlobalSection(ProjectConfigurationPlatforms) = postSolution
		{F928C425-9958-41BE-8BF2-79A3E1ED2222}.Debug|Any CPU.ActiveCfg = Debug|Any CPU
		{F928C425-9958-41BE-8BF2-79A3E1ED2222}.Debug|Any CPU.Build.0 = Debug|Any CPU
		{F928C425-9958-41BE-8BF2-79A3E1ED2222}.Release|Any CPU.ActiveCfg = Release|Any CPU
		{F928C425-9958-41BE-8BF2-79A3E1ED2222}.Release|Any CPU.Build.0 = Release|Any CPU
	EndGlobalSection
	GlobalSection(SolutionProperties) = preSolution
		HideSolutionNode = FALSE
	EndGlobalSection
	GlobalSection(ExtensibilityGlobals) = postSolution
		SolutionGuid = {35F46BCD-0391-4C00-9447-0E8D178A910D}
	EndGlobalSection
EndGlobal
